// !$*UTF8*$!
{
	archiveVersion = 1;
	classes = {
	};
	objectVersion = 51;
	objects = {

/* Begin PBXBuildFile section */
		283CEDA42674FE3800FAFB82 /* AppDelegate.swift in Sources */ = {isa = PBXBuildFile; fileRef = 283CEDA32674FE3800FAFB82 /* AppDelegate.swift */; };
		283CEDA82674FE3800FAFB82 /* LoginViewController.swift in Sources */ = {isa = PBXBuildFile; fileRef = 283CEDA72674FE3800FAFB82 /* LoginViewController.swift */; };
		283CEDAB2674FE3800FAFB82 /* Main.storyboard in Resources */ = {isa = PBXBuildFile; fileRef = 283CEDA92674FE3800FAFB82 /* Main.storyboard */; };
		283CEDAE2674FE3800FAFB82 /* BrightskiesTest.xcdatamodeld in Sources */ = {isa = PBXBuildFile; fileRef = 283CEDAC2674FE3800FAFB82 /* BrightskiesTest.xcdatamodeld */; };
		283CEDB02674FE3A00FAFB82 /* Assets.xcassets in Resources */ = {isa = PBXBuildFile; fileRef = 283CEDAF2674FE3A00FAFB82 /* Assets.xcassets */; };
		283CEDB32674FE3A00FAFB82 /* LaunchScreen.storyboard in Resources */ = {isa = PBXBuildFile; fileRef = 283CEDB12674FE3A00FAFB82 /* LaunchScreen.storyboard */; };
		283CEDBE2674FE3A00FAFB82 /* BrightskiesTestTests.swift in Sources */ = {isa = PBXBuildFile; fileRef = 283CEDBD2674FE3A00FAFB82 /* BrightskiesTestTests.swift */; };
		283CEDC92674FE3A00FAFB82 /* BrightskiesTestUITests.swift in Sources */ = {isa = PBXBuildFile; fileRef = 283CEDC82674FE3A00FAFB82 /* BrightskiesTestUITests.swift */; };
		283CEDE32675031400FAFB82 /* ListOfRecipesViewController.swift in Sources */ = {isa = PBXBuildFile; fileRef = 283CEDE22675031400FAFB82 /* ListOfRecipesViewController.swift */; };
		283CEDE52675032500FAFB82 /* DetailOfARecipeViewController.swift in Sources */ = {isa = PBXBuildFile; fileRef = 283CEDE42675032500FAFB82 /* DetailOfARecipeViewController.swift */; };
		283CEDE726750E1500FAFB82 /* ErrorHandling.swift in Sources */ = {isa = PBXBuildFile; fileRef = 283CEDE626750E1500FAFB82 /* ErrorHandling.swift */; };
		283CEDEA2675151600FAFB82 /* User.swift in Sources */ = {isa = PBXBuildFile; fileRef = 283CEDE92675151600FAFB82 /* User.swift */; };
		283CEDED2675247700FAFB82 /* ErrorReporting.swift in Sources */ = {isa = PBXBuildFile; fileRef = 283CEDEC2675247700FAFB82 /* ErrorReporting.swift */; };
		60F63AF016257A7CE9BFA686 /* Pods_BrightskiesTest_BrightskiesTestUITests.framework in Frameworks */ = {isa = PBXBuildFile; fileRef = 3F240EEC93FFD9414A3DD8B4 /* Pods_BrightskiesTest_BrightskiesTestUITests.framework */; };
		80D40372CA00CBBA5B3A3A23 /* Pods_BrightskiesTest.framework in Frameworks */ = {isa = PBXBuildFile; fileRef = E95D2CC1D8EC296B5E4AA43F /* Pods_BrightskiesTest.framework */; };
		AE87EE5A1CB75DAAA3B26CB1 /* Pods_BrightskiesTestTests.framework in Frameworks */ = {isa = PBXBuildFile; fileRef = 00A5A1E5A9E55E8A63112566 /* Pods_BrightskiesTestTests.framework */; };
/* End PBXBuildFile section */

/* Begin PBXContainerItemProxy section */
		283CEDBA2674FE3A00FAFB82 /* PBXContainerItemProxy */ = {
			isa = PBXContainerItemProxy;
			containerPortal = 283CED982674FE3700FAFB82 /* Project object */;
			proxyType = 1;
			remoteGlobalIDString = 283CED9F2674FE3700FAFB82;
			remoteInfo = BrightskiesTest;
		};
		283CEDC52674FE3A00FAFB82 /* PBXContainerItemProxy */ = {
			isa = PBXContainerItemProxy;
			containerPortal = 283CED982674FE3700FAFB82 /* Project object */;
			proxyType = 1;
			remoteGlobalIDString = 283CED9F2674FE3700FAFB82;
			remoteInfo = BrightskiesTest;
		};
/* End PBXContainerItemProxy section */

/* Begin PBXFileReference section */
		00A5A1E5A9E55E8A63112566 /* Pods_BrightskiesTestTests.framework */ = {isa = PBXFileReference; explicitFileType = wrapper.framework; includeInIndex = 0; path = Pods_BrightskiesTestTests.framework; sourceTree = BUILT_PRODUCTS_DIR; };
		283CEDA02674FE3700FAFB82 /* BrightskiesTest.app */ = {isa = PBXFileReference; explicitFileType = wrapper.application; includeInIndex = 0; path = BrightskiesTest.app; sourceTree = BUILT_PRODUCTS_DIR; };
		283CEDA32674FE3800FAFB82 /* AppDelegate.swift */ = {isa = PBXFileReference; lastKnownFileType = sourcecode.swift; path = AppDelegate.swift; sourceTree = "<group>"; };
		283CEDA72674FE3800FAFB82 /* LoginViewController.swift */ = {isa = PBXFileReference; lastKnownFileType = sourcecode.swift; path = LoginViewController.swift; sourceTree = "<group>"; };
		283CEDAA2674FE3800FAFB82 /* Base */ = {isa = PBXFileReference; lastKnownFileType = file.storyboard; name = Base; path = Base.lproj/Main.storyboard; sourceTree = "<group>"; };
		283CEDAD2674FE3800FAFB82 /* BrightskiesTest.xcdatamodel */ = {isa = PBXFileReference; lastKnownFileType = wrapper.xcdatamodel; path = BrightskiesTest.xcdatamodel; sourceTree = "<group>"; };
		283CEDAF2674FE3A00FAFB82 /* Assets.xcassets */ = {isa = PBXFileReference; lastKnownFileType = folder.assetcatalog; path = Assets.xcassets; sourceTree = "<group>"; };
		283CEDB22674FE3A00FAFB82 /* Base */ = {isa = PBXFileReference; lastKnownFileType = file.storyboard; name = Base; path = Base.lproj/LaunchScreen.storyboard; sourceTree = "<group>"; };
		283CEDB42674FE3A00FAFB82 /* Info.plist */ = {isa = PBXFileReference; lastKnownFileType = text.plist.xml; path = Info.plist; sourceTree = "<group>"; };
		283CEDB92674FE3A00FAFB82 /* BrightskiesTestTests.xctest */ = {isa = PBXFileReference; explicitFileType = wrapper.cfbundle; includeInIndex = 0; path = BrightskiesTestTests.xctest; sourceTree = BUILT_PRODUCTS_DIR; };
		283CEDBD2674FE3A00FAFB82 /* BrightskiesTestTests.swift */ = {isa = PBXFileReference; lastKnownFileType = sourcecode.swift; path = BrightskiesTestTests.swift; sourceTree = "<group>"; };
		283CEDBF2674FE3A00FAFB82 /* Info.plist */ = {isa = PBXFileReference; lastKnownFileType = text.plist.xml; path = Info.plist; sourceTree = "<group>"; };
		283CEDC42674FE3A00FAFB82 /* BrightskiesTestUITests.xctest */ = {isa = PBXFileReference; explicitFileType = wrapper.cfbundle; includeInIndex = 0; path = BrightskiesTestUITests.xctest; sourceTree = BUILT_PRODUCTS_DIR; };
		283CEDC82674FE3A00FAFB82 /* BrightskiesTestUITests.swift */ = {isa = PBXFileReference; lastKnownFileType = sourcecode.swift; path = BrightskiesTestUITests.swift; sourceTree = "<group>"; };
		283CEDCA2674FE3A00FAFB82 /* Info.plist */ = {isa = PBXFileReference; lastKnownFileType = text.plist.xml; path = Info.plist; sourceTree = "<group>"; };
		283CEDE22675031400FAFB82 /* ListOfRecipesViewController.swift */ = {isa = PBXFileReference; lastKnownFileType = sourcecode.swift; path = ListOfRecipesViewController.swift; sourceTree = "<group>"; };
		283CEDE42675032500FAFB82 /* DetailOfARecipeViewController.swift */ = {isa = PBXFileReference; lastKnownFileType = sourcecode.swift; path = DetailOfARecipeViewController.swift; sourceTree = "<group>"; };
		283CEDE626750E1500FAFB82 /* ErrorHandling.swift */ = {isa = PBXFileReference; lastKnownFileType = sourcecode.swift; path = ErrorHandling.swift; sourceTree = "<group>"; };
		283CEDE92675151600FAFB82 /* User.swift */ = {isa = PBXFileReference; lastKnownFileType = sourcecode.swift; path = User.swift; sourceTree = "<group>"; };
		283CEDEC2675247700FAFB82 /* ErrorReporting.swift */ = {isa = PBXFileReference; fileEncoding = 4; lastKnownFileType = sourcecode.swift; path = ErrorReporting.swift; sourceTree = "<group>"; };
		3F240EEC93FFD9414A3DD8B4 /* Pods_BrightskiesTest_BrightskiesTestUITests.framework */ = {isa = PBXFileReference; explicitFileType = wrapper.framework; includeInIndex = 0; path = Pods_BrightskiesTest_BrightskiesTestUITests.framework; sourceTree = BUILT_PRODUCTS_DIR; };
		45794E52AFC3760F121EF9BB /* Pods-BrightskiesTestTests.release.xcconfig */ = {isa = PBXFileReference; includeInIndex = 1; lastKnownFileType = text.xcconfig; name = "Pods-BrightskiesTestTests.release.xcconfig"; path = "Target Support Files/Pods-BrightskiesTestTests/Pods-BrightskiesTestTests.release.xcconfig"; sourceTree = "<group>"; };
		5E43B71589C8A6FE0CF2517F /* Pods-BrightskiesTest-BrightskiesTestUITests.release.xcconfig */ = {isa = PBXFileReference; includeInIndex = 1; lastKnownFileType = text.xcconfig; name = "Pods-BrightskiesTest-BrightskiesTestUITests.release.xcconfig"; path = "Target Support Files/Pods-BrightskiesTest-BrightskiesTestUITests/Pods-BrightskiesTest-BrightskiesTestUITests.release.xcconfig"; sourceTree = "<group>"; };
		8C06E2B9C39FC381A3145450 /* Pods-BrightskiesTestTests.debug.xcconfig */ = {isa = PBXFileReference; includeInIndex = 1; lastKnownFileType = text.xcconfig; name = "Pods-BrightskiesTestTests.debug.xcconfig"; path = "Target Support Files/Pods-BrightskiesTestTests/Pods-BrightskiesTestTests.debug.xcconfig"; sourceTree = "<group>"; };
		CB87F0096BD10B75918965F1 /* Pods-BrightskiesTest.release.xcconfig */ = {isa = PBXFileReference; includeInIndex = 1; lastKnownFileType = text.xcconfig; name = "Pods-BrightskiesTest.release.xcconfig"; path = "Target Support Files/Pods-BrightskiesTest/Pods-BrightskiesTest.release.xcconfig"; sourceTree = "<group>"; };
		D8A859261E60F315C3E83B50 /* Pods-BrightskiesTest.debug.xcconfig */ = {isa = PBXFileReference; includeInIndex = 1; lastKnownFileType = text.xcconfig; name = "Pods-BrightskiesTest.debug.xcconfig"; path = "Target Support Files/Pods-BrightskiesTest/Pods-BrightskiesTest.debug.xcconfig"; sourceTree = "<group>"; };
		E95D2CC1D8EC296B5E4AA43F /* Pods_BrightskiesTest.framework */ = {isa = PBXFileReference; explicitFileType = wrapper.framework; includeInIndex = 0; path = Pods_BrightskiesTest.framework; sourceTree = BUILT_PRODUCTS_DIR; };
		F244D338F1613FF07A709B04 /* Pods-BrightskiesTest-BrightskiesTestUITests.debug.xcconfig */ = {isa = PBXFileReference; includeInIndex = 1; lastKnownFileType = text.xcconfig; name = "Pods-BrightskiesTest-BrightskiesTestUITests.debug.xcconfig"; path = "Target Support Files/Pods-BrightskiesTest-BrightskiesTestUITests/Pods-BrightskiesTest-BrightskiesTestUITests.debug.xcconfig"; sourceTree = "<group>"; };
/* End PBXFileReference section */

/* Begin PBXFrameworksBuildPhase section */
		283CED9D2674FE3700FAFB82 /* Frameworks */ = {
			isa = PBXFrameworksBuildPhase;
			buildActionMask = 2147483647;
			files = (
				80D40372CA00CBBA5B3A3A23 /* Pods_BrightskiesTest.framework in Frameworks */,
			);
			runOnlyForDeploymentPostprocessing = 0;
		};
		283CEDB62674FE3A00FAFB82 /* Frameworks */ = {
			isa = PBXFrameworksBuildPhase;
			buildActionMask = 2147483647;
			files = (
				AE87EE5A1CB75DAAA3B26CB1 /* Pods_BrightskiesTestTests.framework in Frameworks */,
			);
			runOnlyForDeploymentPostprocessing = 0;
		};
		283CEDC12674FE3A00FAFB82 /* Frameworks */ = {
			isa = PBXFrameworksBuildPhase;
			buildActionMask = 2147483647;
			files = (
				60F63AF016257A7CE9BFA686 /* Pods_BrightskiesTest_BrightskiesTestUITests.framework in Frameworks */,
			);
			runOnlyForDeploymentPostprocessing = 0;
		};
/* End PBXFrameworksBuildPhase section */

/* Begin PBXGroup section */
		283CED972674FE3700FAFB82 = {
			isa = PBXGroup;
			children = (
				283CEDA22674FE3800FAFB82 /* BrightskiesTest */,
				283CEDBC2674FE3A00FAFB82 /* BrightskiesTestTests */,
				283CEDC72674FE3A00FAFB82 /* BrightskiesTestUITests */,
				283CEDA12674FE3700FAFB82 /* Products */,
				6CD4916F7DDF24AF4381D7BE /* Pods */,
				3522F10884E2778BEC37A784 /* Frameworks */,
			);
			sourceTree = "<group>";
		};
		283CEDA12674FE3700FAFB82 /* Products */ = {
			isa = PBXGroup;
			children = (
				283CEDA02674FE3700FAFB82 /* BrightskiesTest.app */,
				283CEDB92674FE3A00FAFB82 /* BrightskiesTestTests.xctest */,
				283CEDC42674FE3A00FAFB82 /* BrightskiesTestUITests.xctest */,
			);
			name = Products;
			sourceTree = "<group>";
		};
		283CEDA22674FE3800FAFB82 /* BrightskiesTest */ = {
			isa = PBXGroup;
			children = (
				283CEDEB2675246400FAFB82 /* Extension */,
				283CEDDE2675029900FAFB82 /* DetailOfARecipe */,
				283CEDDA2675025C00FAFB82 /* ListOfRecipes */,
				283CEDA32674FE3800FAFB82 /* AppDelegate.swift */,
				283CEDD62675020C00FAFB82 /* Login */,
				283CEDA92674FE3800FAFB82 /* Main.storyboard */,
				283CEDAF2674FE3A00FAFB82 /* Assets.xcassets */,
				283CEDB12674FE3A00FAFB82 /* LaunchScreen.storyboard */,
				283CEDB42674FE3A00FAFB82 /* Info.plist */,
				283CEDAC2674FE3800FAFB82 /* BrightskiesTest.xcdatamodeld */,
			);
			path = BrightskiesTest;
			sourceTree = "<group>";
		};
		283CEDBC2674FE3A00FAFB82 /* BrightskiesTestTests */ = {
			isa = PBXGroup;
			children = (
				283CEDBD2674FE3A00FAFB82 /* BrightskiesTestTests.swift */,
				283CEDBF2674FE3A00FAFB82 /* Info.plist */,
			);
			path = BrightskiesTestTests;
			sourceTree = "<group>";
		};
		283CEDC72674FE3A00FAFB82 /* BrightskiesTestUITests */ = {
			isa = PBXGroup;
			children = (
				283CEDC82674FE3A00FAFB82 /* BrightskiesTestUITests.swift */,
				283CEDCA2674FE3A00FAFB82 /* Info.plist */,
			);
			path = BrightskiesTestUITests;
			sourceTree = "<group>";
		};
		283CEDD62675020C00FAFB82 /* Login */ = {
			isa = PBXGroup;
			children = (
				283CEDD92675022B00FAFB82 /* Presenter */,
				283CEDD82675022500FAFB82 /* Model */,
				283CEDD72675021D00FAFB82 /* View */,
			);
			path = Login;
			sourceTree = "<group>";
		};
		283CEDD72675021D00FAFB82 /* View */ = {
			isa = PBXGroup;
			children = (
				283CEDA72674FE3800FAFB82 /* LoginViewController.swift */,
			);
			path = View;
			sourceTree = "<group>";
		};
		283CEDD82675022500FAFB82 /* Model */ = {
			isa = PBXGroup;
			children = (
				283CEDE92675151600FAFB82 /* User.swift */,
			);
			path = Model;
			sourceTree = "<group>";
		};
		283CEDD92675022B00FAFB82 /* Presenter */ = {
			isa = PBXGroup;
			children = (
				283CEDE626750E1500FAFB82 /* ErrorHandling.swift */,
			);
			path = Presenter;
			sourceTree = "<group>";
		};
		283CEDDA2675025C00FAFB82 /* ListOfRecipes */ = {
			isa = PBXGroup;
			children = (
				283CEDDD2675028F00FAFB82 /* Presenter */,
				283CEDDC2675028900FAFB82 /* View */,
				283CEDDB2675028000FAFB82 /* Model */,
			);
			path = ListOfRecipes;
			sourceTree = "<group>";
		};
		283CEDDB2675028000FAFB82 /* Model */ = {
			isa = PBXGroup;
			children = (
			);
			path = Model;
			sourceTree = "<group>";
		};
		283CEDDC2675028900FAFB82 /* View */ = {
			isa = PBXGroup;
			children = (
				283CEDE22675031400FAFB82 /* ListOfRecipesViewController.swift */,
			);
			path = View;
			sourceTree = "<group>";
		};
		283CEDDD2675028F00FAFB82 /* Presenter */ = {
			isa = PBXGroup;
			children = (
			);
			path = Presenter;
			sourceTree = "<group>";
		};
		283CEDDE2675029900FAFB82 /* DetailOfARecipe */ = {
			isa = PBXGroup;
			children = (
				283CEDE1267502CA00FAFB82 /* Presenter */,
				283CEDE0267502C300FAFB82 /* View */,
				283CEDDF267502BD00FAFB82 /* Model */,
			);
			path = DetailOfARecipe;
			sourceTree = "<group>";
		};
		283CEDDF267502BD00FAFB82 /* Model */ = {
			isa = PBXGroup;
			children = (
			);
			path = Model;
			sourceTree = "<group>";
		};
		283CEDE0267502C300FAFB82 /* View */ = {
			isa = PBXGroup;
			children = (
				283CEDE42675032500FAFB82 /* DetailOfARecipeViewController.swift */,
			);
			path = View;
			sourceTree = "<group>";
		};
		283CEDE1267502CA00FAFB82 /* Presenter */ = {
			isa = PBXGroup;
			children = (
			);
			path = Presenter;
			sourceTree = "<group>";
		};
		283CEDEB2675246400FAFB82 /* Extension */ = {
			isa = PBXGroup;
			children = (
				283CEDEC2675247700FAFB82 /* ErrorReporting.swift */,
			);
			path = Extension;
			sourceTree = "<group>";
		};
		3522F10884E2778BEC37A784 /* Frameworks */ = {
			isa = PBXGroup;
			children = (
				E95D2CC1D8EC296B5E4AA43F /* Pods_BrightskiesTest.framework */,
				3F240EEC93FFD9414A3DD8B4 /* Pods_BrightskiesTest_BrightskiesTestUITests.framework */,
				00A5A1E5A9E55E8A63112566 /* Pods_BrightskiesTestTests.framework */,
			);
			name = Frameworks;
			sourceTree = "<group>";
		};
		6CD4916F7DDF24AF4381D7BE /* Pods */ = {
			isa = PBXGroup;
			children = (
				D8A859261E60F315C3E83B50 /* Pods-BrightskiesTest.debug.xcconfig */,
				CB87F0096BD10B75918965F1 /* Pods-BrightskiesTest.release.xcconfig */,
				F244D338F1613FF07A709B04 /* Pods-BrightskiesTest-BrightskiesTestUITests.debug.xcconfig */,
				5E43B71589C8A6FE0CF2517F /* Pods-BrightskiesTest-BrightskiesTestUITests.release.xcconfig */,
				8C06E2B9C39FC381A3145450 /* Pods-BrightskiesTestTests.debug.xcconfig */,
				45794E52AFC3760F121EF9BB /* Pods-BrightskiesTestTests.release.xcconfig */,
			);
			path = Pods;
			sourceTree = "<group>";
		};
/* End PBXGroup section */

/* Begin PBXNativeTarget section */
		283CED9F2674FE3700FAFB82 /* BrightskiesTest */ = {
			isa = PBXNativeTarget;
			buildConfigurationList = 283CEDCD2674FE3A00FAFB82 /* Build configuration list for PBXNativeTarget "BrightskiesTest" */;
			buildPhases = (
				13B7C29DA97473A0E03ED6E0 /* [CP] Check Pods Manifest.lock */,
				283CED9C2674FE3700FAFB82 /* Sources */,
				283CED9D2674FE3700FAFB82 /* Frameworks */,
				283CED9E2674FE3700FAFB82 /* Resources */,
				1C86A6A8FA1EBDD64A6E8B38 /* [CP] Embed Pods Frameworks */,
			);
			buildRules = (
			);
			dependencies = (
			);
			name = BrightskiesTest;
			productName = BrightskiesTest;
			productReference = 283CEDA02674FE3700FAFB82 /* BrightskiesTest.app */;
			productType = "com.apple.product-type.application";
		};
		283CEDB82674FE3A00FAFB82 /* BrightskiesTestTests */ = {
			isa = PBXNativeTarget;
			buildConfigurationList = 283CEDD02674FE3A00FAFB82 /* Build configuration list for PBXNativeTarget "BrightskiesTestTests" */;
			buildPhases = (
				7ECACD87385B4DCE6EDD8B05 /* [CP] Check Pods Manifest.lock */,
				283CEDB52674FE3A00FAFB82 /* Sources */,
				283CEDB62674FE3A00FAFB82 /* Frameworks */,
				283CEDB72674FE3A00FAFB82 /* Resources */,
			);
			buildRules = (
			);
			dependencies = (
				283CEDBB2674FE3A00FAFB82 /* PBXTargetDependency */,
			);
			name = BrightskiesTestTests;
			productName = BrightskiesTestTests;
			productReference = 283CEDB92674FE3A00FAFB82 /* BrightskiesTestTests.xctest */;
			productType = "com.apple.product-type.bundle.unit-test";
		};
		283CEDC32674FE3A00FAFB82 /* BrightskiesTestUITests */ = {
			isa = PBXNativeTarget;
			buildConfigurationList = 283CEDD32674FE3A00FAFB82 /* Build configuration list for PBXNativeTarget "BrightskiesTestUITests" */;
			buildPhases = (
				47AFB7A7D50E3C0E1A723C72 /* [CP] Check Pods Manifest.lock */,
				283CEDC02674FE3A00FAFB82 /* Sources */,
				283CEDC12674FE3A00FAFB82 /* Frameworks */,
				283CEDC22674FE3A00FAFB82 /* Resources */,
				1987D75B5D7799774CBEE296 /* [CP] Embed Pods Frameworks */,
			);
			buildRules = (
			);
			dependencies = (
				283CEDC62674FE3A00FAFB82 /* PBXTargetDependency */,
			);
			name = BrightskiesTestUITests;
			productName = BrightskiesTestUITests;
			productReference = 283CEDC42674FE3A00FAFB82 /* BrightskiesTestUITests.xctest */;
			productType = "com.apple.product-type.bundle.ui-testing";
		};
/* End PBXNativeTarget section */

/* Begin PBXProject section */
		283CED982674FE3700FAFB82 /* Project object */ = {
			isa = PBXProject;
			attributes = {
				LastSwiftUpdateCheck = 1250;
				LastUpgradeCheck = 1250;
				TargetAttributes = {
					283CED9F2674FE3700FAFB82 = {
						CreatedOnToolsVersion = 12.5;
					};
					283CEDB82674FE3A00FAFB82 = {
						CreatedOnToolsVersion = 12.5;
						TestTargetID = 283CED9F2674FE3700FAFB82;
					};
					283CEDC32674FE3A00FAFB82 = {
						CreatedOnToolsVersion = 12.5;
						TestTargetID = 283CED9F2674FE3700FAFB82;
					};
				};
			};
			buildConfigurationList = 283CED9B2674FE3700FAFB82 /* Build configuration list for PBXProject "BrightskiesTest" */;
			compatibilityVersion = "Xcode 9.3";
			developmentRegion = en;
			hasScannedForEncodings = 0;
			knownRegions = (
				en,
				Base,
			);
			mainGroup = 283CED972674FE3700FAFB82;
			productRefGroup = 283CEDA12674FE3700FAFB82 /* Products */;
			projectDirPath = "";
			projectRoot = "";
			targets = (
				283CED9F2674FE3700FAFB82 /* BrightskiesTest */,
				283CEDB82674FE3A00FAFB82 /* BrightskiesTestTests */,
				283CEDC32674FE3A00FAFB82 /* BrightskiesTestUITests */,
			);
		};
/* End PBXProject section */

/* Begin PBXResourcesBuildPhase section */
		283CED9E2674FE3700FAFB82 /* Resources */ = {
			isa = PBXResourcesBuildPhase;
			buildActionMask = 2147483647;
			files = (
				283CEDB32674FE3A00FAFB82 /* LaunchScreen.storyboard in Resources */,
				283CEDB02674FE3A00FAFB82 /* Assets.xcassets in Resources */,
				283CEDAB2674FE3800FAFB82 /* Main.storyboard in Resources */,
			);
			runOnlyForDeploymentPostprocessing = 0;
		};
		283CEDB72674FE3A00FAFB82 /* Resources */ = {
			isa = PBXResourcesBuildPhase;
			buildActionMask = 2147483647;
			files = (
			);
			runOnlyForDeploymentPostprocessing = 0;
		};
		283CEDC22674FE3A00FAFB82 /* Resources */ = {
			isa = PBXResourcesBuildPhase;
			buildActionMask = 2147483647;
			files = (
			);
			runOnlyForDeploymentPostprocessing = 0;
		};
/* End PBXResourcesBuildPhase section */

/* Begin PBXShellScriptBuildPhase section */
		13B7C29DA97473A0E03ED6E0 /* [CP] Check Pods Manifest.lock */ = {
			isa = PBXShellScriptBuildPhase;
			buildActionMask = 2147483647;
			files = (
			);
			inputFileListPaths = (
			);
			inputPaths = (
				"${PODS_PODFILE_DIR_PATH}/Podfile.lock",
				"${PODS_ROOT}/Manifest.lock",
			);
			name = "[CP] Check Pods Manifest.lock";
			outputFileListPaths = (
			);
			outputPaths = (
				"$(DERIVED_FILE_DIR)/Pods-BrightskiesTest-checkManifestLockResult.txt",
			);
			runOnlyForDeploymentPostprocessing = 0;
			shellPath = /bin/sh;
			shellScript = "diff \"${PODS_PODFILE_DIR_PATH}/Podfile.lock\" \"${PODS_ROOT}/Manifest.lock\" > /dev/null\nif [ $? != 0 ] ; then\n    # print error to STDERR\n    echo \"error: The sandbox is not in sync with the Podfile.lock. Run 'pod install' or update your CocoaPods installation.\" >&2\n    exit 1\nfi\n# This output is used by Xcode 'outputs' to avoid re-running this script phase.\necho \"SUCCESS\" > \"${SCRIPT_OUTPUT_FILE_0}\"\n";
			showEnvVarsInLog = 0;
		};
		1987D75B5D7799774CBEE296 /* [CP] Embed Pods Frameworks */ = {
			isa = PBXShellScriptBuildPhase;
			buildActionMask = 2147483647;
			files = (
			);
			inputFileListPaths = (
				"${PODS_ROOT}/Target Support Files/Pods-BrightskiesTest-BrightskiesTestUITests/Pods-BrightskiesTest-BrightskiesTestUITests-frameworks-${CONFIGURATION}-input-files.xcfilelist",
			);
			name = "[CP] Embed Pods Frameworks";
			outputFileListPaths = (
				"${PODS_ROOT}/Target Support Files/Pods-BrightskiesTest-BrightskiesTestUITests/Pods-BrightskiesTest-BrightskiesTestUITests-frameworks-${CONFIGURATION}-output-files.xcfilelist",
			);
			runOnlyForDeploymentPostprocessing = 0;
			shellPath = /bin/sh;
			shellScript = "\"${PODS_ROOT}/Target Support Files/Pods-BrightskiesTest-BrightskiesTestUITests/Pods-BrightskiesTest-BrightskiesTestUITests-frameworks.sh\"\n";
			showEnvVarsInLog = 0;
		};
		1C86A6A8FA1EBDD64A6E8B38 /* [CP] Embed Pods Frameworks */ = {
			isa = PBXShellScriptBuildPhase;
			buildActionMask = 2147483647;
			files = (
			);
			inputFileListPaths = (
				"${PODS_ROOT}/Target Support Files/Pods-BrightskiesTest/Pods-BrightskiesTest-frameworks-${CONFIGURATION}-input-files.xcfilelist",
			);
			name = "[CP] Embed Pods Frameworks";
			outputFileListPaths = (
				"${PODS_ROOT}/Target Support Files/Pods-BrightskiesTest/Pods-BrightskiesTest-frameworks-${CONFIGURATION}-output-files.xcfilelist",
			);
			runOnlyForDeploymentPostprocessing = 0;
			shellPath = /bin/sh;
			shellScript = "\"${PODS_ROOT}/Target Support Files/Pods-BrightskiesTest/Pods-BrightskiesTest-frameworks.sh\"\n";
			showEnvVarsInLog = 0;
		};
		47AFB7A7D50E3C0E1A723C72 /* [CP] Check Pods Manifest.lock */ = {
			isa = PBXShellScriptBuildPhase;
			buildActionMask = 2147483647;
			files = (
			);
			inputFileListPaths = (
			);
			inputPaths = (
				"${PODS_PODFILE_DIR_PATH}/Podfile.lock",
				"${PODS_ROOT}/Manifest.lock",
			);
			name = "[CP] Check Pods Manifest.lock";
			outputFileListPaths = (
			);
			outputPaths = (
				"$(DERIVED_FILE_DIR)/Pods-BrightskiesTest-BrightskiesTestUITests-checkManifestLockResult.txt",
			);
			runOnlyForDeploymentPostprocessing = 0;
			shellPath = /bin/sh;
			shellScript = "diff \"${PODS_PODFILE_DIR_PATH}/Podfile.lock\" \"${PODS_ROOT}/Manifest.lock\" > /dev/null\nif [ $? != 0 ] ; then\n    # print error to STDERR\n    echo \"error: The sandbox is not in sync with the Podfile.lock. Run 'pod install' or update your CocoaPods installation.\" >&2\n    exit 1\nfi\n# This output is used by Xcode 'outputs' to avoid re-running this script phase.\necho \"SUCCESS\" > \"${SCRIPT_OUTPUT_FILE_0}\"\n";
			showEnvVarsInLog = 0;
		};
		7ECACD87385B4DCE6EDD8B05 /* [CP] Check Pods Manifest.lock */ = {
			isa = PBXShellScriptBuildPhase;
			buildActionMask = 2147483647;
			files = (
			);
			inputFileListPaths = (
			);
			inputPaths = (
				"${PODS_PODFILE_DIR_PATH}/Podfile.lock",
				"${PODS_ROOT}/Manifest.lock",
			);
			name = "[CP] Check Pods Manifest.lock";
			outputFileListPaths = (
			);
			outputPaths = (
				"$(DERIVED_FILE_DIR)/Pods-BrightskiesTestTests-checkManifestLockResult.txt",
			);
			runOnlyForDeploymentPostprocessing = 0;
			shellPath = /bin/sh;
			shellScript = "diff \"${PODS_PODFILE_DIR_PATH}/Podfile.lock\" \"${PODS_ROOT}/Manifest.lock\" > /dev/null\nif [ $? != 0 ] ; then\n    # print error to STDERR\n    echo \"error: The sandbox is not in sync with the Podfile.lock. Run 'pod install' or update your CocoaPods installation.\" >&2\n    exit 1\nfi\n# This output is used by Xcode 'outputs' to avoid re-running this script phase.\necho \"SUCCESS\" > \"${SCRIPT_OUTPUT_FILE_0}\"\n";
			showEnvVarsInLog = 0;
		};
/* End PBXShellScriptBuildPhase section */

/* Begin PBXSourcesBuildPhase section */
		283CED9C2674FE3700FAFB82 /* Sources */ = {
			isa = PBXSourcesBuildPhase;
			buildActionMask = 2147483647;
			files = (
				283CEDA82674FE3800FAFB82 /* LoginViewController.swift in Sources */,
				283CEDE52675032500FAFB82 /* DetailOfARecipeViewController.swift in Sources */,
				283CEDE32675031400FAFB82 /* ListOfRecipesViewController.swift in Sources */,
				283CEDED2675247700FAFB82 /* ErrorReporting.swift in Sources */,
				283CEDE726750E1500FAFB82 /* ErrorHandling.swift in Sources */,
				283CEDA42674FE3800FAFB82 /* AppDelegate.swift in Sources */,
				283CEDAE2674FE3800FAFB82 /* BrightskiesTest.xcdatamodeld in Sources */,
				283CEDEA2675151600FAFB82 /* User.swift in Sources */,
			);
			runOnlyForDeploymentPostprocessing = 0;
		};
		283CEDB52674FE3A00FAFB82 /* Sources */ = {
			isa = PBXSourcesBuildPhase;
			buildActionMask = 2147483647;
			files = (
				283CEDBE2674FE3A00FAFB82 /* BrightskiesTestTests.swift in Sources */,
			);
			runOnlyForDeploymentPostprocessing = 0;
		};
		283CEDC02674FE3A00FAFB82 /* Sources */ = {
			isa = PBXSourcesBuildPhase;
			buildActionMask = 2147483647;
			files = (
				283CEDC92674FE3A00FAFB82 /* BrightskiesTestUITests.swift in Sources */,
			);
			runOnlyForDeploymentPostprocessing = 0;
		};
/* End PBXSourcesBuildPhase section */

/* Begin PBXTargetDependency section */
		283CEDBB2674FE3A00FAFB82 /* PBXTargetDependency */ = {
			isa = PBXTargetDependency;
			target = 283CED9F2674FE3700FAFB82 /* BrightskiesTest */;
			targetProxy = 283CEDBA2674FE3A00FAFB82 /* PBXContainerItemProxy */;
		};
		283CEDC62674FE3A00FAFB82 /* PBXTargetDependency */ = {
			isa = PBXTargetDependency;
			target = 283CED9F2674FE3700FAFB82 /* BrightskiesTest */;
			targetProxy = 283CEDC52674FE3A00FAFB82 /* PBXContainerItemProxy */;
		};
/* End PBXTargetDependency section */

/* Begin PBXVariantGroup section */
		283CEDA92674FE3800FAFB82 /* Main.storyboard */ = {
			isa = PBXVariantGroup;
			children = (
				283CEDAA2674FE3800FAFB82 /* Base */,
			);
			name = Main.storyboard;
			sourceTree = "<group>";
		};
		283CEDB12674FE3A00FAFB82 /* LaunchScreen.storyboard */ = {
			isa = PBXVariantGroup;
			children = (
				283CEDB22674FE3A00FAFB82 /* Base */,
			);
			name = LaunchScreen.storyboard;
			sourceTree = "<group>";
		};
/* End PBXVariantGroup section */

/* Begin XCBuildConfiguration section */
		283CEDCB2674FE3A00FAFB82 /* Debug */ = {
			isa = XCBuildConfiguration;
			buildSettings = {
				ALWAYS_SEARCH_USER_PATHS = NO;
				CLANG_ANALYZER_NONNULL = YES;
				CLANG_ANALYZER_NUMBER_OBJECT_CONVERSION = YES_AGGRESSIVE;
				CLANG_CXX_LANGUAGE_STANDARD = "gnu++14";
				CLANG_CXX_LIBRARY = "libc++";
				CLANG_ENABLE_MODULES = YES;
				CLANG_ENABLE_OBJC_ARC = YES;
				CLANG_ENABLE_OBJC_WEAK = YES;
				CLANG_WARN_BLOCK_CAPTURE_AUTORELEASING = YES;
				CLANG_WARN_BOOL_CONVERSION = YES;
				CLANG_WARN_COMMA = YES;
				CLANG_WARN_CONSTANT_CONVERSION = YES;
				CLANG_WARN_DEPRECATED_OBJC_IMPLEMENTATIONS = YES;
				CLANG_WARN_DIRECT_OBJC_ISA_USAGE = YES_ERROR;
				CLANG_WARN_DOCUMENTATION_COMMENTS = YES;
				CLANG_WARN_EMPTY_BODY = YES;
				CLANG_WARN_ENUM_CONVERSION = YES;
				CLANG_WARN_INFINITE_RECURSION = YES;
				CLANG_WARN_INT_CONVERSION = YES;
				CLANG_WARN_NON_LITERAL_NULL_CONVERSION = YES;
				CLANG_WARN_OBJC_IMPLICIT_RETAIN_SELF = YES;
				CLANG_WARN_OBJC_LITERAL_CONVERSION = YES;
				CLANG_WARN_OBJC_ROOT_CLASS = YES_ERROR;
				CLANG_WARN_QUOTED_INCLUDE_IN_FRAMEWORK_HEADER = YES;
				CLANG_WARN_RANGE_LOOP_ANALYSIS = YES;
				CLANG_WARN_STRICT_PROTOTYPES = YES;
				CLANG_WARN_SUSPICIOUS_MOVE = YES;
				CLANG_WARN_UNGUARDED_AVAILABILITY = YES_AGGRESSIVE;
				CLANG_WARN_UNREACHABLE_CODE = YES;
				CLANG_WARN__DUPLICATE_METHOD_MATCH = YES;
				COPY_PHASE_STRIP = NO;
				DEBUG_INFORMATION_FORMAT = dwarf;
				ENABLE_STRICT_OBJC_MSGSEND = YES;
				ENABLE_TESTABILITY = YES;
				GCC_C_LANGUAGE_STANDARD = gnu11;
				GCC_DYNAMIC_NO_PIC = NO;
				GCC_NO_COMMON_BLOCKS = YES;
				GCC_OPTIMIZATION_LEVEL = 0;
				GCC_PREPROCESSOR_DEFINITIONS = (
					"DEBUG=1",
					"$(inherited)",
				);
				GCC_WARN_64_TO_32_BIT_CONVERSION = YES;
				GCC_WARN_ABOUT_RETURN_TYPE = YES_ERROR;
				GCC_WARN_UNDECLARED_SELECTOR = YES;
				GCC_WARN_UNINITIALIZED_AUTOS = YES_AGGRESSIVE;
				GCC_WARN_UNUSED_FUNCTION = YES;
				GCC_WARN_UNUSED_VARIABLE = YES;
				IPHONEOS_DEPLOYMENT_TARGET = 14.5;
				MTL_ENABLE_DEBUG_INFO = INCLUDE_SOURCE;
				MTL_FAST_MATH = YES;
				ONLY_ACTIVE_ARCH = YES;
				SDKROOT = iphoneos;
				SWIFT_ACTIVE_COMPILATION_CONDITIONS = DEBUG;
				SWIFT_OPTIMIZATION_LEVEL = "-Onone";
			};
			name = Debug;
		};
		283CEDCC2674FE3A00FAFB82 /* Release */ = {
			isa = XCBuildConfiguration;
			buildSettings = {
				ALWAYS_SEARCH_USER_PATHS = NO;
				CLANG_ANALYZER_NONNULL = YES;
				CLANG_ANALYZER_NUMBER_OBJECT_CONVERSION = YES_AGGRESSIVE;
				CLANG_CXX_LANGUAGE_STANDARD = "gnu++14";
				CLANG_CXX_LIBRARY = "libc++";
				CLANG_ENABLE_MODULES = YES;
				CLANG_ENABLE_OBJC_ARC = YES;
				CLANG_ENABLE_OBJC_WEAK = YES;
				CLANG_WARN_BLOCK_CAPTURE_AUTORELEASING = YES;
				CLANG_WARN_BOOL_CONVERSION = YES;
				CLANG_WARN_COMMA = YES;
				CLANG_WARN_CONSTANT_CONVERSION = YES;
				CLANG_WARN_DEPRECATED_OBJC_IMPLEMENTATIONS = YES;
				CLANG_WARN_DIRECT_OBJC_ISA_USAGE = YES_ERROR;
				CLANG_WARN_DOCUMENTATION_COMMENTS = YES;
				CLANG_WARN_EMPTY_BODY = YES;
				CLANG_WARN_ENUM_CONVERSION = YES;
				CLANG_WARN_INFINITE_RECURSION = YES;
				CLANG_WARN_INT_CONVERSION = YES;
				CLANG_WARN_NON_LITERAL_NULL_CONVERSION = YES;
				CLANG_WARN_OBJC_IMPLICIT_RETAIN_SELF = YES;
				CLANG_WARN_OBJC_LITERAL_CONVERSION = YES;
				CLANG_WARN_OBJC_ROOT_CLASS = YES_ERROR;
				CLANG_WARN_QUOTED_INCLUDE_IN_FRAMEWORK_HEADER = YES;
				CLANG_WARN_RANGE_LOOP_ANALYSIS = YES;
				CLANG_WARN_STRICT_PROTOTYPES = YES;
				CLANG_WARN_SUSPICIOUS_MOVE = YES;
				CLANG_WARN_UNGUARDED_AVAILABILITY = YES_AGGRESSIVE;
				CLANG_WARN_UNREACHABLE_CODE = YES;
				CLANG_WARN__DUPLICATE_METHOD_MATCH = YES;
				COPY_PHASE_STRIP = NO;
				DEBUG_INFORMATION_FORMAT = "dwarf-with-dsym";
				ENABLE_NS_ASSERTIONS = NO;
				ENABLE_STRICT_OBJC_MSGSEND = YES;
				GCC_C_LANGUAGE_STANDARD = gnu11;
				GCC_NO_COMMON_BLOCKS = YES;
				GCC_WARN_64_TO_32_BIT_CONVERSION = YES;
				GCC_WARN_ABOUT_RETURN_TYPE = YES_ERROR;
				GCC_WARN_UNDECLARED_SELECTOR = YES;
				GCC_WARN_UNINITIALIZED_AUTOS = YES_AGGRESSIVE;
				GCC_WARN_UNUSED_FUNCTION = YES;
				GCC_WARN_UNUSED_VARIABLE = YES;
				IPHONEOS_DEPLOYMENT_TARGET = 14.5;
				MTL_ENABLE_DEBUG_INFO = NO;
				MTL_FAST_MATH = YES;
				SDKROOT = iphoneos;
				SWIFT_COMPILATION_MODE = wholemodule;
				SWIFT_OPTIMIZATION_LEVEL = "-O";
				VALIDATE_PRODUCT = YES;
			};
			name = Release;
		};
		283CEDCE2674FE3A00FAFB82 /* Debug */ = {
			isa = XCBuildConfiguration;
			baseConfigurationReference = D8A859261E60F315C3E83B50 /* Pods-BrightskiesTest.debug.xcconfig */;
			buildSettings = {
				ASSETCATALOG_COMPILER_APPICON_NAME = AppIcon;
				ASSETCATALOG_COMPILER_GLOBAL_ACCENT_COLOR_NAME = AccentColor;
				CODE_SIGN_STYLE = Automatic;
				DEVELOPMENT_TEAM = M6C965M7LU;
				INFOPLIST_FILE = BrightskiesTest/Info.plist;
				LD_RUNPATH_SEARCH_PATHS = (
					"$(inherited)",
					"@executable_path/Frameworks",
				);
				PRODUCT_BUNDLE_IDENTIFIER = com.maged.UnitConversionsSwiftUI.BrightskiesTest;
				PRODUCT_NAME = "$(TARGET_NAME)";
				SWIFT_VERSION = 5.0;
				TARGETED_DEVICE_FAMILY = "1,2";
			};
			name = Debug;
		};
		283CEDCF2674FE3A00FAFB82 /* Release */ = {
			isa = XCBuildConfiguration;
			baseConfigurationReference = CB87F0096BD10B75918965F1 /* Pods-BrightskiesTest.release.xcconfig */;
			buildSettings = {
				ASSETCATALOG_COMPILER_APPICON_NAME = AppIcon;
				ASSETCATALOG_COMPILER_GLOBAL_ACCENT_COLOR_NAME = AccentColor;
				CODE_SIGN_STYLE = Automatic;
				DEVELOPMENT_TEAM = M6C965M7LU;
				INFOPLIST_FILE = BrightskiesTest/Info.plist;
				LD_RUNPATH_SEARCH_PATHS = (
					"$(inherited)",
					"@executable_path/Frameworks",
				);
				PRODUCT_BUNDLE_IDENTIFIER = com.maged.UnitConversionsSwiftUI.BrightskiesTest;
				PRODUCT_NAME = "$(TARGET_NAME)";
				SWIFT_VERSION = 5.0;
				TARGETED_DEVICE_FAMILY = "1,2";
			};
			name = Release;
		};
		283CEDD12674FE3A00FAFB82 /* Debug */ = {
			isa = XCBuildConfiguration;
			baseConfigurationReference = 8C06E2B9C39FC381A3145450 /* Pods-BrightskiesTestTests.debug.xcconfig */;
			buildSettings = {
				ALWAYS_EMBED_SWIFT_STANDARD_LIBRARIES = YES;
				BUNDLE_LOADER = "$(TEST_HOST)";
				CODE_SIGN_STYLE = Automatic;
				DEVELOPMENT_TEAM = M6C965M7LU;
				INFOPLIST_FILE = BrightskiesTestTests/Info.plist;
				IPHONEOS_DEPLOYMENT_TARGET = 14.5;
				LD_RUNPATH_SEARCH_PATHS = (
					"$(inherited)",
					"@executable_path/Frameworks",
					"@loader_path/Frameworks",
				);
				PRODUCT_BUNDLE_IDENTIFIER = com.maged.UnitConversionsSwiftUI.BrightskiesTestTests;
				PRODUCT_NAME = "$(TARGET_NAME)";
				SWIFT_VERSION = 5.0;
				TARGETED_DEVICE_FAMILY = "1,2";
				TEST_HOST = "$(BUILT_PRODUCTS_DIR)/BrightskiesTest.app/BrightskiesTest";
			};
			name = Debug;
		};
		283CEDD22674FE3A00FAFB82 /* Release */ = {
			isa = XCBuildConfiguration;
			baseConfigurationReference = 45794E52AFC3760F121EF9BB /* Pods-BrightskiesTestTests.release.xcconfig */;
			buildSettings = {
				ALWAYS_EMBED_SWIFT_STANDARD_LIBRARIES = YES;
				BUNDLE_LOADER = "$(TEST_HOST)";
				CODE_SIGN_STYLE = Automatic;
				DEVELOPMENT_TEAM = M6C965M7LU;
				INFOPLIST_FILE = BrightskiesTestTests/Info.plist;
				IPHONEOS_DEPLOYMENT_TARGET = 14.5;
				LD_RUNPATH_SEARCH_PATHS = (
					"$(inherited)",
					"@executable_path/Frameworks",
					"@loader_path/Frameworks",
				);
				PRODUCT_BUNDLE_IDENTIFIER = com.maged.UnitConversionsSwiftUI.BrightskiesTestTests;
				PRODUCT_NAME = "$(TARGET_NAME)";
				SWIFT_VERSION = 5.0;
				TARGETED_DEVICE_FAMILY = "1,2";
				TEST_HOST = "$(BUILT_PRODUCTS_DIR)/BrightskiesTest.app/BrightskiesTest";
			};
			name = Release;
		};
		283CEDD42674FE3A00FAFB82 /* Debug */ = {
			isa = XCBuildConfiguration;
			baseConfigurationReference = F244D338F1613FF07A709B04 /* Pods-BrightskiesTest-BrightskiesTestUITests.debug.xcconfig */;
			buildSettings = {
				ALWAYS_EMBED_SWIFT_STANDARD_LIBRARIES = YES;
				CODE_SIGN_STYLE = Automatic;
				DEVELOPMENT_TEAM = M6C965M7LU;
				INFOPLIST_FILE = BrightskiesTestUITests/Info.plist;
				LD_RUNPATH_SEARCH_PATHS = (
					"$(inherited)",
					"@executable_path/Frameworks",
					"@loader_path/Frameworks",
				);
				PRODUCT_BUNDLE_IDENTIFIER = com.maged.UnitConversionsSwiftUI.BrightskiesTestUITests;
				PRODUCT_NAME = "$(TARGET_NAME)";
				SWIFT_VERSION = 5.0;
				TARGETED_DEVICE_FAMILY = "1,2";
				TEST_TARGET_NAME = BrightskiesTest;
			};
			name = Debug;
		};
		283CEDD52674FE3A00FAFB82 /* Release */ = {
			isa = XCBuildConfiguration;
			baseConfigurationReference = 5E43B71589C8A6FE0CF2517F /* Pods-BrightskiesTest-BrightskiesTestUITests.release.xcconfig */;
			buildSettings = {
				ALWAYS_EMBED_SWIFT_STANDARD_LIBRARIES = YES;
				CODE_SIGN_STYLE = Automatic;
				DEVELOPMENT_TEAM = M6C965M7LU;
				INFOPLIST_FILE = BrightskiesTestUITests/Info.plist;
				LD_RUNPATH_SEARCH_PATHS = (
					"$(inherited)",
					"@executable_path/Frameworks",
					"@loader_path/Frameworks",
				);
				PRODUCT_BUNDLE_IDENTIFIER = com.maged.UnitConversionsSwiftUI.BrightskiesTestUITests;
				PRODUCT_NAME = "$(TARGET_NAME)";
				SWIFT_VERSION = 5.0;
				TARGETED_DEVICE_FAMILY = "1,2";
				TEST_TARGET_NAME = BrightskiesTest;
			};
			name = Release;
		};
/* End XCBuildConfiguration section */

/* Begin XCConfigurationList section */
		283CED9B2674FE3700FAFB82 /* Build configuration list for PBXProject "BrightskiesTest" */ = {
			isa = XCConfigurationList;
			buildConfigurations = (
				283CEDCB2674FE3A00FAFB82 /* Debug */,
				283CEDCC2674FE3A00FAFB82 /* Release */,
			);
			defaultConfigurationIsVisible = 0;
			defaultConfigurationName = Release;
		};
		283CEDCD2674FE3A00FAFB82 /* Build configuration list for PBXNativeTarget "BrightskiesTest" */ = {
			isa = XCConfigurationList;
			buildConfigurations = (
				283CEDCE2674FE3A00FAFB82 /* Debug */,
				283CEDCF2674FE3A00FAFB82 /* Release */,
			);
			defaultConfigurationIsVisible = 0;
			defaultConfigurationName = Release;
		};
		283CEDD02674FE3A00FAFB82 /* Build configuration list for PBXNativeTarget "BrightskiesTestTests" */ = {
			isa = XCConfigurationList;
			buildConfigurations = (
				283CEDD12674FE3A00FAFB82 /* Debug */,
				283CEDD22674FE3A00FAFB82 /* Release */,
			);
			defaultConfigurationIsVisible = 0;
			defaultConfigurationName = Release;
		};
		283CEDD32674FE3A00FAFB82 /* Build configuration list for PBXNativeTarget "BrightskiesTestUITests" */ = {
			isa = XCConfigurationList;
			buildConfigurations = (
				283CEDD42674FE3A00FAFB82 /* Debug */,
				283CEDD52674FE3A00FAFB82 /* Release */,
			);
			defaultConfigurationIsVisible = 0;
			defaultConfigurationName = Release;
		};
/* End XCConfigurationList section */

/* Begin XCVersionGroup section */
		283CEDAC2674FE3800FAFB82 /* BrightskiesTest.xcdatamodeld */ = {
			isa = XCVersionGroup;
			children = (
				283CEDAD2674FE3800FAFB82 /* BrightskiesTest.xcdatamodel */,
			);
			currentVersion = 283CEDAD2674FE3800FAFB82 /* BrightskiesTest.xcdatamodel */;
			path = BrightskiesTest.xcdatamodeld;
			sourceTree = "<group>";
			versionGroupType = wrapper.xcdatamodel;
		};
/* End XCVersionGroup section */
	};
	rootObject = 283CED982674FE3700FAFB82 /* Project object */;
}
